
Microsoft Visual Studio Solution File, Format Version 12.00
# Visual Studio Version 16
VisualStudioVersion = 16.0.31321.278
MinimumVisualStudioVersion = 10.0.40219.1
Project("{9A19103F-16F7-4668-BE54-9A1E7A4F7556}") = "Day01", "Day01\Day01.csproj", "{9429B17B-B6EC-4830-A9FB-ACFA1D60DD8C}"
EndProject
Project("{9A19103F-16F7-4668-BE54-9A1E7A4F7556}") = "Day02", "Day02\Day02.csproj", "{FA3A1C1C-78DA-440F-81E3-2DB2E4C59FA5}"
EndProject
Project("{9A19103F-16F7-4668-BE54-9A1E7A4F7556}") = "Day03", "Day03\Day03.csproj", "{CB60A49B-D0C4-4C35-AE62-5CF2BB48EC8D}"
EndProject
Project("{9A19103F-16F7-4668-BE54-9A1E7A4F7556}") = "Day04", "Day04\Day04.csproj", "{634549DD-4B53-4577-86CF-3C3DD6DAA765}"
EndProject
Project("{9A19103F-16F7-4668-BE54-9A1E7A4F7556}") = "Day05", "Day05\Day05.csproj", "{D24F39D6-4C5B-4FD5-B59B-EF33E7E05BA8}"
EndProject
Project("{9A19103F-16F7-4668-BE54-9A1E7A4F7556}") = "Day06", "Day06\Day06.csproj", "{0F1F72EF-64D3-45B6-891C-A5F116F44C97}"
EndProject
Project("{FAE04EC0-301F-11D3-BF4B-00C04F79EFBC}") = "Day12", "Day12\Day12.csproj", "{79A37D9C-59F7-4136-8334-A38B3AD583CC}"
EndProject
Project("{FAE04EC0-301F-11D3-BF4B-00C04F79EFBC}") = "Day12.Tests", "Day12.Tests\Day12.Tests.csproj", "{2E6D6992-3F98-412A-A1F4-10AF452A3F93}"
EndProject
Global
	GlobalSection(SolutionConfigurationPlatforms) = preSolution
		Debug|Any CPU = Debug|Any CPU
		Release|Any CPU = Release|Any CPU
	EndGlobalSection
	GlobalSection(ProjectConfigurationPlatforms) = postSolution
		{9429B17B-B6EC-4830-A9FB-ACFA1D60DD8C}.Debug|Any CPU.ActiveCfg = Debug|Any CPU
		{9429B17B-B6EC-4830-A9FB-ACFA1D60DD8C}.Debug|Any CPU.Build.0 = Debug|Any CPU
		{9429B17B-B6EC-4830-A9FB-ACFA1D60DD8C}.Release|Any CPU.ActiveCfg = Release|Any CPU
		{9429B17B-B6EC-4830-A9FB-ACFA1D60DD8C}.Release|Any CPU.Build.0 = Release|Any CPU
		{FA3A1C1C-78DA-440F-81E3-2DB2E4C59FA5}.Debug|Any CPU.ActiveCfg = Debug|Any CPU
		{FA3A1C1C-78DA-440F-81E3-2DB2E4C59FA5}.Debug|Any CPU.Build.0 = Debug|Any CPU
		{FA3A1C1C-78DA-440F-81E3-2DB2E4C59FA5}.Release|Any CPU.ActiveCfg = Release|Any CPU
		{FA3A1C1C-78DA-440F-81E3-2DB2E4C59FA5}.Release|Any CPU.Build.0 = Release|Any CPU
		{CB60A49B-D0C4-4C35-AE62-5CF2BB48EC8D}.Debug|Any CPU.ActiveCfg = Debug|Any CPU
		{CB60A49B-D0C4-4C35-AE62-5CF2BB48EC8D}.Debug|Any CPU.Build.0 = Debug|Any CPU
		{CB60A49B-D0C4-4C35-AE62-5CF2BB48EC8D}.Release|Any CPU.ActiveCfg = Release|Any CPU
		{CB60A49B-D0C4-4C35-AE62-5CF2BB48EC8D}.Release|Any CPU.Build.0 = Release|Any CPU
		{634549DD-4B53-4577-86CF-3C3DD6DAA765}.Debug|Any CPU.ActiveCfg = Debug|Any CPU
		{634549DD-4B53-4577-86CF-3C3DD6DAA765}.Debug|Any CPU.Build.0 = Debug|Any CPU
		{634549DD-4B53-4577-86CF-3C3DD6DAA765}.Release|Any CPU.ActiveCfg = Release|Any CPU
		{634549DD-4B53-4577-86CF-3C3DD6DAA765}.Release|Any CPU.Build.0 = Release|Any CPU
		{D24F39D6-4C5B-4FD5-B59B-EF33E7E05BA8}.Debug|Any CPU.ActiveCfg = Debug|Any CPU
		{D24F39D6-4C5B-4FD5-B59B-EF33E7E05BA8}.Debug|Any CPU.Build.0 = Debug|Any CPU
		{D24F39D6-4C5B-4FD5-B59B-EF33E7E05BA8}.Release|Any CPU.ActiveCfg = Release|Any CPU
		{D24F39D6-4C5B-4FD5-B59B-EF33E7E05BA8}.Release|Any CPU.Build.0 = Release|Any CPU
		{0F1F72EF-64D3-45B6-891C-A5F116F44C97}.Debug|Any CPU.ActiveCfg = Debug|Any CPU
		{0F1F72EF-64D3-45B6-891C-A5F116F44C97}.Debug|Any CPU.Build.0 = Debug|Any CPU
		{0F1F72EF-64D3-45B6-891C-A5F116F44C97}.Release|Any CPU.ActiveCfg = Release|Any CPU
		{0F1F72EF-64D3-45B6-891C-A5F116F44C97}.Release|Any CPU.Build.0 = Release|Any CPU
		{79A37D9C-59F7-4136-8334-A38B3AD583CC}.Debug|Any CPU.ActiveCfg = Debug|Any CPU
		{79A37D9C-59F7-4136-8334-A38B3AD583CC}.Debug|Any CPU.Build.0 = Debug|Any CPU
		{79A37D9C-59F7-4136-8334-A38B3AD583CC}.Release|Any CPU.ActiveCfg = Release|Any CPU
		{79A37D9C-59F7-4136-8334-A38B3AD583CC}.Release|Any CPU.Build.0 = Release|Any CPU
		{2E6D6992-3F98-412A-A1F4-10AF452A3F93}.Debug|Any CPU.ActiveCfg = Debug|Any CPU
		{2E6D6992-3F98-412A-A1F4-10AF452A3F93}.Debug|Any CPU.Build.0 = Debug|Any CPU
		{2E6D6992-3F98-412A-A1F4-10AF452A3F93}.Release|Any CPU.ActiveCfg = Release|Any CPU
		{2E6D6992-3F98-412A-A1F4-10AF452A3F93}.Release|Any CPU.Build.0 = Release|Any CPU
	EndGlobalSection
	GlobalSection(SolutionProperties) = preSolution
		HideSolutionNode = FALSE
	EndGlobalSection
	GlobalSection(ExtensibilityGlobals) = postSolution
		SolutionGuid = {C14855FB-8AF7-473D-A280-2C2BD56E5E43}
	EndGlobalSection
EndGlobal
